{
  "name": "ngx-crud-forms",
  "version": "1.1.0",
  "lockfileVersion": 1,
  "requires": true,
  "dependencies": {
    "@ng-bootstrap/ng-bootstrap": {
      "version": "4.2.2",
      "resolved": "https://registry.npmjs.org/@ng-bootstrap/ng-bootstrap/-/ng-bootstrap-4.2.2.tgz",
      "integrity": "sha512-v8QmC17bv9he5Ep6zutaI9aQ2w/2NqySP0fejOKe7cacKpGUqsLIakpyd2FD7mfZu7pSCCtHYpRWR+h6yq+Ngg==",
      "requires": {
        "tslib": "^1.9.0"
      }
    },
    "@ng-select/ng-select": {
      "version": "2.20.5",
      "resolved": "https://registry.npmjs.org/@ng-select/ng-select/-/ng-select-2.20.5.tgz",
      "integrity": "sha512-S9R3op3kd8XmAI99exPOTXwDcYOsDngIhkdsQuV1jq/rSVKdJZ6gQY1VWS5REjVnqbKbxbWAx4JA38bum/8Z7g==",
      "requires": {
        "tslib": "^1.9.0"
      }
    },
    "file-saver": {
      "version": "2.0.2",
      "resolved": "https://registry.npmjs.org/file-saver/-/file-saver-2.0.2.tgz",
      "integrity": "sha512-Wz3c3XQ5xroCxd1G8b7yL0Ehkf0TC9oYC6buPFkNnU9EnaPlifeAFCyCh+iewXTyFRcg0a6j3J7FmJsIhlhBdw=="
    },
    "moment": {
      "version": "2.24.0",
      "resolved": "https://registry.npmjs.org/moment/-/moment-2.24.0.tgz",
      "integrity": "sha512-bV7f+6l2QigeBBZSM/6yTNq4P2fNpSWj/0e7jQcy87A8e7o2nAfP/34/2ky5Vw4B9S446EtIhodAzkFCcR4dQg=="
    },
    "primeng": {
      "version": "8.0.3",
      "resolved": "https://registry.npmjs.org/primeng/-/primeng-8.0.3.tgz",
      "integrity": "sha512-WLSyPQ9Ig7AC9d7JRenhSMjyUqPhBpNtqQ68b9D93BsyXmvhAHUQb+3S4OTQNMKMi+l1uJSKcTZ0NWRT8xDu8Q=="
    },
    "reflect-metadata": {
      "version": "0.1.13",
      "resolved": "https://registry.npmjs.org/reflect-metadata/-/reflect-metadata-0.1.13.tgz",
      "integrity": "sha512-Ts1Y/anZELhSsjMcU605fU9RE4Oi3p5ORujwbIKXfWa+0Zxs510Qrmrce5/Jowq3cHSZSJqBjypxmHarc+vEWg=="
    },
    "tslib": {
      "version": "1.10.0",
      "resolved": "https://registry.npmjs.org/tslib/-/tslib-1.10.0.tgz",
      "integrity": "sha512-qOebF53frne81cf0S9B41ByenJ3/IuH8yJKngAX35CmiZySA0khhkovshKK+jGCaMnVomla7gVlIcc3EvKPbTQ=="
    }
  }
}
